Microsoft Visual Studio Solution File, Format Version 12.00
# Visual Studio 15
Project("{8BC9CEB8-8B4A-11D0-8D11-00A0C91BC942}") = "ALL_BUILD", "ALL_BUILD.vcxproj", "{EBFB6F85-9A83-394C-B936-98CC95734E04}"
	ProjectSection(ProjectDependencies) = postProject
		{70FBB73B-5135-30A1-BFA3-D67B295819AE} = {70FBB73B-5135-30A1-BFA3-D67B295819AE}
		{C8CECD1D-3BE6-34CC-B9D6-FCCF8E337E56} = {C8CECD1D-3BE6-34CC-B9D6-FCCF8E337E56}
		{1CB817AD-4383-3C11-BF82-46228756DAFE} = {1CB817AD-4383-3C11-BF82-46228756DAFE}
		{246BEE62-730C-30D6-8ECC-02C82F4BC1FE} = {246BEE62-730C-30D6-8ECC-02C82F4BC1FE}
		{C790ADA8-2488-35FC-8009-04C936646C91} = {C790ADA8-2488-35FC-8009-04C936646C91}
		{25981CDA-7F05-3921-90F6-EF6E897EAF34} = {25981CDA-7F05-3921-90F6-EF6E897EAF34}
		{2226D5F0-A2E3-35E0-9832-14F6ACC7A911} = {2226D5F0-A2E3-35E0-9832-14F6ACC7A911}
		{67CCC289-8485-3FB7-8F7E-7A85D86E343D} = {67CCC289-8485-3FB7-8F7E-7A85D86E343D}
		{2122885A-8481-3472-8B1D-F69D09FEDB7A} = {2122885A-8481-3472-8B1D-F69D09FEDB7A}
		{0351C9C1-4270-3E4C-8EB7-D51CD1CC7327} = {0351C9C1-4270-3E4C-8EB7-D51CD1CC7327}
		{0F0201CF-9A15-3541-95B3-2E601FA07F0D} = {0F0201CF-9A15-3541-95B3-2E601FA07F0D}
		{D0917B8C-074E-3722-B14F-79325F47BC8A} = {D0917B8C-074E-3722-B14F-79325F47BC8A}
		{28D920E3-ACE1-3FCA-84CA-67E1CD795EAA} = {28D920E3-ACE1-3FCA-84CA-67E1CD795EAA}
		{D79CEE01-C11B-37C5-A48C-F90761D319B5} = {D79CEE01-C11B-37C5-A48C-F90761D319B5}
		{BC47474C-BEC4-31A0-8F09-DE3BAE4AE8EC} = {BC47474C-BEC4-31A0-8F09-DE3BAE4AE8EC}
		{7ECE3DD7-9BBE-3462-8D78-54CA6DD2D95B} = {7ECE3DD7-9BBE-3462-8D78-54CA6DD2D95B}
		{88FD2105-0C54-3DCA-AE2D-2CD01C6E6AA4} = {88FD2105-0C54-3DCA-AE2D-2CD01C6E6AA4}
		{B610FADE-8F7A-3049-9B8A-80C90F5A6D2E} = {B610FADE-8F7A-3049-9B8A-80C90F5A6D2E}
		{51B74537-8551-3E2B-8A59-5336C3931664} = {51B74537-8551-3E2B-8A59-5336C3931664}
		{3FFDF468-0109-3A0C-9CD6-D3B827E02EDC} = {3FFDF468-0109-3A0C-9CD6-D3B827E02EDC}
		{189A0C4C-34D2-3F8B-AE5E-9646EFFA2464} = {189A0C4C-34D2-3F8B-AE5E-9646EFFA2464}
		{EB0F025C-3B9C-3709-B180-0025C928FE34} = {EB0F025C-3B9C-3709-B180-0025C928FE34}
		{EE8D83D4-3E71-3467-A8F3-E990FDB0030B} = {EE8D83D4-3E71-3467-A8F3-E990FDB0030B}
		{FD14BE37-B758-3344-A65E-4B0171A985A4} = {FD14BE37-B758-3344-A65E-4B0171A985A4}
		{7FD1FE26-0DD7-3DC0-8D22-0A7CEF8D306E} = {7FD1FE26-0DD7-3DC0-8D22-0A7CEF8D306E}
	EndProjectSection
EndProject
Project("{8BC9CEB8-8B4A-11D0-8D11-00A0C91BC942}") = "CallbackMaker", "CallbackMaker.vcxproj", "{70FBB73B-5135-30A1-BFA3-D67B295819AE}"
	ProjectSection(ProjectDependencies) = postProject
		{28D920E3-ACE1-3FCA-84CA-67E1CD795EAA} = {28D920E3-ACE1-3FCA-84CA-67E1CD795EAA}
		{D79CEE01-C11B-37C5-A48C-F90761D319B5} = {D79CEE01-C11B-37C5-A48C-F90761D319B5}
	EndProjectSection
EndProject
Project("{8BC9CEB8-8B4A-11D0-8D11-00A0C91BC942}") = "CallbackMaker_static", "CallbackMaker_static.vcxproj", "{C8CECD1D-3BE6-34CC-B9D6-FCCF8E337E56}"
	ProjectSection(ProjectDependencies) = postProject
		{28D920E3-ACE1-3FCA-84CA-67E1CD795EAA} = {28D920E3-ACE1-3FCA-84CA-67E1CD795EAA}
		{BC47474C-BEC4-31A0-8F09-DE3BAE4AE8EC} = {BC47474C-BEC4-31A0-8F09-DE3BAE4AE8EC}
	EndProjectSection
EndProject
Project("{8BC9CEB8-8B4A-11D0-8D11-00A0C91BC942}") = "Fractals", "Fractals.vcxproj", "{1CB817AD-4383-3C11-BF82-46228756DAFE}"
	ProjectSection(ProjectDependencies) = postProject
		{28D920E3-ACE1-3FCA-84CA-67E1CD795EAA} = {28D920E3-ACE1-3FCA-84CA-67E1CD795EAA}
		{D79CEE01-C11B-37C5-A48C-F90761D319B5} = {D79CEE01-C11B-37C5-A48C-F90761D319B5}
	EndProjectSection
EndProject
Project("{8BC9CEB8-8B4A-11D0-8D11-00A0C91BC942}") = "Fractals_random", "Fractals_random.vcxproj", "{246BEE62-730C-30D6-8ECC-02C82F4BC1FE}"
	ProjectSection(ProjectDependencies) = postProject
		{28D920E3-ACE1-3FCA-84CA-67E1CD795EAA} = {28D920E3-ACE1-3FCA-84CA-67E1CD795EAA}
		{D79CEE01-C11B-37C5-A48C-F90761D319B5} = {D79CEE01-C11B-37C5-A48C-F90761D319B5}
	EndProjectSection
EndProject
Project("{8BC9CEB8-8B4A-11D0-8D11-00A0C91BC942}") = "Fractals_random_static", "Fractals_random_static.vcxproj", "{C790ADA8-2488-35FC-8009-04C936646C91}"
	ProjectSection(ProjectDependencies) = postProject
		{28D920E3-ACE1-3FCA-84CA-67E1CD795EAA} = {28D920E3-ACE1-3FCA-84CA-67E1CD795EAA}
		{BC47474C-BEC4-31A0-8F09-DE3BAE4AE8EC} = {BC47474C-BEC4-31A0-8F09-DE3BAE4AE8EC}
	EndProjectSection
EndProject
Project("{8BC9CEB8-8B4A-11D0-8D11-00A0C91BC942}") = "Fractals_static", "Fractals_static.vcxproj", "{25981CDA-7F05-3921-90F6-EF6E897EAF34}"
	ProjectSection(ProjectDependencies) = postProject
		{28D920E3-ACE1-3FCA-84CA-67E1CD795EAA} = {28D920E3-ACE1-3FCA-84CA-67E1CD795EAA}
		{BC47474C-BEC4-31A0-8F09-DE3BAE4AE8EC} = {BC47474C-BEC4-31A0-8F09-DE3BAE4AE8EC}
	EndProjectSection
EndProject
Project("{8BC9CEB8-8B4A-11D0-8D11-00A0C91BC942}") = "INSTALL", "INSTALL.vcxproj", "{49BBE96B-E985-3C61-82C5-C2A9E149B4C7}"
	ProjectSection(ProjectDependencies) = postProject
		{EBFB6F85-9A83-394C-B936-98CC95734E04} = {EBFB6F85-9A83-394C-B936-98CC95734E04}
		{28D920E3-ACE1-3FCA-84CA-67E1CD795EAA} = {28D920E3-ACE1-3FCA-84CA-67E1CD795EAA}
	EndProjectSection
EndProject
Project("{8BC9CEB8-8B4A-11D0-8D11-00A0C91BC942}") = "Lorenz", "Lorenz.vcxproj", "{2226D5F0-A2E3-35E0-9832-14F6ACC7A911}"
	ProjectSection(ProjectDependencies) = postProject
		{28D920E3-ACE1-3FCA-84CA-67E1CD795EAA} = {28D920E3-ACE1-3FCA-84CA-67E1CD795EAA}
		{D79CEE01-C11B-37C5-A48C-F90761D319B5} = {D79CEE01-C11B-37C5-A48C-F90761D319B5}
	EndProjectSection
EndProject
Project("{8BC9CEB8-8B4A-11D0-8D11-00A0C91BC942}") = "Lorenz_static", "Lorenz_static.vcxproj", "{67CCC289-8485-3FB7-8F7E-7A85D86E343D}"
	ProjectSection(ProjectDependencies) = postProject
		{28D920E3-ACE1-3FCA-84CA-67E1CD795EAA} = {28D920E3-ACE1-3FCA-84CA-67E1CD795EAA}
		{BC47474C-BEC4-31A0-8F09-DE3BAE4AE8EC} = {BC47474C-BEC4-31A0-8F09-DE3BAE4AE8EC}
	EndProjectSection
EndProject
Project("{8BC9CEB8-8B4A-11D0-8D11-00A0C91BC942}") = "One", "One.vcxproj", "{2122885A-8481-3472-8B1D-F69D09FEDB7A}"
	ProjectSection(ProjectDependencies) = postProject
		{28D920E3-ACE1-3FCA-84CA-67E1CD795EAA} = {28D920E3-ACE1-3FCA-84CA-67E1CD795EAA}
		{D79CEE01-C11B-37C5-A48C-F90761D319B5} = {D79CEE01-C11B-37C5-A48C-F90761D319B5}
	EndProjectSection
EndProject
Project("{8BC9CEB8-8B4A-11D0-8D11-00A0C91BC942}") = "One_static", "One_static.vcxproj", "{0351C9C1-4270-3E4C-8EB7-D51CD1CC7327}"
	ProjectSection(ProjectDependencies) = postProject
		{28D920E3-ACE1-3FCA-84CA-67E1CD795EAA} = {28D920E3-ACE1-3FCA-84CA-67E1CD795EAA}
		{BC47474C-BEC4-31A0-8F09-DE3BAE4AE8EC} = {BC47474C-BEC4-31A0-8F09-DE3BAE4AE8EC}
	EndProjectSection
EndProject
Project("{8BC9CEB8-8B4A-11D0-8D11-00A0C91BC942}") = "Resizer", "Resizer.vcxproj", "{0F0201CF-9A15-3541-95B3-2E601FA07F0D}"
	ProjectSection(ProjectDependencies) = postProject
		{28D920E3-ACE1-3FCA-84CA-67E1CD795EAA} = {28D920E3-ACE1-3FCA-84CA-67E1CD795EAA}
		{D79CEE01-C11B-37C5-A48C-F90761D319B5} = {D79CEE01-C11B-37C5-A48C-F90761D319B5}
	EndProjectSection
EndProject
Project("{8BC9CEB8-8B4A-11D0-8D11-00A0C91BC942}") = "Resizer_static", "Resizer_static.vcxproj", "{D0917B8C-074E-3722-B14F-79325F47BC8A}"
	ProjectSection(ProjectDependencies) = postProject
		{28D920E3-ACE1-3FCA-84CA-67E1CD795EAA} = {28D920E3-ACE1-3FCA-84CA-67E1CD795EAA}
		{BC47474C-BEC4-31A0-8F09-DE3BAE4AE8EC} = {BC47474C-BEC4-31A0-8F09-DE3BAE4AE8EC}
	EndProjectSection
EndProject
Project("{8BC9CEB8-8B4A-11D0-8D11-00A0C91BC942}") = "ZERO_CHECK", "ZERO_CHECK.vcxproj", "{28D920E3-ACE1-3FCA-84CA-67E1CD795EAA}"
	ProjectSection(ProjectDependencies) = postProject
	EndProjectSection
EndProject
Project("{8BC9CEB8-8B4A-11D0-8D11-00A0C91BC942}") = "freeglut", "freeglut.vcxproj", "{D79CEE01-C11B-37C5-A48C-F90761D319B5}"
	ProjectSection(ProjectDependencies) = postProject
		{28D920E3-ACE1-3FCA-84CA-67E1CD795EAA} = {28D920E3-ACE1-3FCA-84CA-67E1CD795EAA}
	EndProjectSection
EndProject
Project("{8BC9CEB8-8B4A-11D0-8D11-00A0C91BC942}") = "freeglut_static", "freeglut_static.vcxproj", "{BC47474C-BEC4-31A0-8F09-DE3BAE4AE8EC}"
	ProjectSection(ProjectDependencies) = postProject
		{28D920E3-ACE1-3FCA-84CA-67E1CD795EAA} = {28D920E3-ACE1-3FCA-84CA-67E1CD795EAA}
	EndProjectSection
EndProject
Project("{8BC9CEB8-8B4A-11D0-8D11-00A0C91BC942}") = "multi-touch", "multi-touch.vcxproj", "{7ECE3DD7-9BBE-3462-8D78-54CA6DD2D95B}"
	ProjectSection(ProjectDependencies) = postProject
		{28D920E3-ACE1-3FCA-84CA-67E1CD795EAA} = {28D920E3-ACE1-3FCA-84CA-67E1CD795EAA}
		{D79CEE01-C11B-37C5-A48C-F90761D319B5} = {D79CEE01-C11B-37C5-A48C-F90761D319B5}
	EndProjectSection
EndProject
Project("{8BC9CEB8-8B4A-11D0-8D11-00A0C91BC942}") = "multi-touch_static", "multi-touch_static.vcxproj", "{88FD2105-0C54-3DCA-AE2D-2CD01C6E6AA4}"
	ProjectSection(ProjectDependencies) = postProject
		{28D920E3-ACE1-3FCA-84CA-67E1CD795EAA} = {28D920E3-ACE1-3FCA-84CA-67E1CD795EAA}
		{BC47474C-BEC4-31A0-8F09-DE3BAE4AE8EC} = {BC47474C-BEC4-31A0-8F09-DE3BAE4AE8EC}
	EndProjectSection
EndProject
Project("{8BC9CEB8-8B4A-11D0-8D11-00A0C91BC942}") = "shapes", "shapes.vcxproj", "{B610FADE-8F7A-3049-9B8A-80C90F5A6D2E}"
	ProjectSection(ProjectDependencies) = postProject
		{28D920E3-ACE1-3FCA-84CA-67E1CD795EAA} = {28D920E3-ACE1-3FCA-84CA-67E1CD795EAA}
		{D79CEE01-C11B-37C5-A48C-F90761D319B5} = {D79CEE01-C11B-37C5-A48C-F90761D319B5}
	EndProjectSection
EndProject
Project("{8BC9CEB8-8B4A-11D0-8D11-00A0C91BC942}") = "shapes_static", "shapes_static.vcxproj", "{51B74537-8551-3E2B-8A59-5336C3931664}"
	ProjectSection(ProjectDependencies) = postProject
		{28D920E3-ACE1-3FCA-84CA-67E1CD795EAA} = {28D920E3-ACE1-3FCA-84CA-67E1CD795EAA}
		{BC47474C-BEC4-31A0-8F09-DE3BAE4AE8EC} = {BC47474C-BEC4-31A0-8F09-DE3BAE4AE8EC}
	EndProjectSection
EndProject
Project("{8BC9CEB8-8B4A-11D0-8D11-00A0C91BC942}") = "smooth_opengl3", "smooth_opengl3.vcxproj", "{3FFDF468-0109-3A0C-9CD6-D3B827E02EDC}"
	ProjectSection(ProjectDependencies) = postProject
		{28D920E3-ACE1-3FCA-84CA-67E1CD795EAA} = {28D920E3-ACE1-3FCA-84CA-67E1CD795EAA}
		{D79CEE01-C11B-37C5-A48C-F90761D319B5} = {D79CEE01-C11B-37C5-A48C-F90761D319B5}
	EndProjectSection
EndProject
Project("{8BC9CEB8-8B4A-11D0-8D11-00A0C91BC942}") = "smooth_opengl3_static", "smooth_opengl3_static.vcxproj", "{189A0C4C-34D2-3F8B-AE5E-9646EFFA2464}"
	ProjectSection(ProjectDependencies) = postProject
		{28D920E3-ACE1-3FCA-84CA-67E1CD795EAA} = {28D920E3-ACE1-3FCA-84CA-67E1CD795EAA}
		{BC47474C-BEC4-31A0-8F09-DE3BAE4AE8EC} = {BC47474C-BEC4-31A0-8F09-DE3BAE4AE8EC}
	EndProjectSection
EndProject
Project("{8BC9CEB8-8B4A-11D0-8D11-00A0C91BC942}") = "subwin", "subwin.vcxproj", "{EB0F025C-3B9C-3709-B180-0025C928FE34}"
	ProjectSection(ProjectDependencies) = postProject
		{28D920E3-ACE1-3FCA-84CA-67E1CD795EAA} = {28D920E3-ACE1-3FCA-84CA-67E1CD795EAA}
		{D79CEE01-C11B-37C5-A48C-F90761D319B5} = {D79CEE01-C11B-37C5-A48C-F90761D319B5}
	EndProjectSection
EndProject
Project("{8BC9CEB8-8B4A-11D0-8D11-00A0C91BC942}") = "subwin_static", "subwin_static.vcxproj", "{EE8D83D4-3E71-3467-A8F3-E990FDB0030B}"
	ProjectSection(ProjectDependencies) = postProject
		{28D920E3-ACE1-3FCA-84CA-67E1CD795EAA} = {28D920E3-ACE1-3FCA-84CA-67E1CD795EAA}
		{BC47474C-BEC4-31A0-8F09-DE3BAE4AE8EC} = {BC47474C-BEC4-31A0-8F09-DE3BAE4AE8EC}
	EndProjectSection
EndProject
Project("{8BC9CEB8-8B4A-11D0-8D11-00A0C91BC942}") = "timer", "timer.vcxproj", "{FD14BE37-B758-3344-A65E-4B0171A985A4}"
	ProjectSection(ProjectDependencies) = postProject
		{28D920E3-ACE1-3FCA-84CA-67E1CD795EAA} = {28D920E3-ACE1-3FCA-84CA-67E1CD795EAA}
		{D79CEE01-C11B-37C5-A48C-F90761D319B5} = {D79CEE01-C11B-37C5-A48C-F90761D319B5}
	EndProjectSection
EndProject
Project("{8BC9CEB8-8B4A-11D0-8D11-00A0C91BC942}") = "timer_static", "timer_static.vcxproj", "{7FD1FE26-0DD7-3DC0-8D22-0A7CEF8D306E}"
	ProjectSection(ProjectDependencies) = postProject
		{28D920E3-ACE1-3FCA-84CA-67E1CD795EAA} = {28D920E3-ACE1-3FCA-84CA-67E1CD795EAA}
		{BC47474C-BEC4-31A0-8F09-DE3BAE4AE8EC} = {BC47474C-BEC4-31A0-8F09-DE3BAE4AE8EC}
	EndProjectSection
EndProject
Global
	GlobalSection(SolutionConfigurationPlatforms) = preSolution
		Debug|Win32 = Debug|Win32
		Release|Win32 = Release|Win32
		MinSizeRel|Win32 = MinSizeRel|Win32
		RelWithDebInfo|Win32 = RelWithDebInfo|Win32
	EndGlobalSection
	GlobalSection(ProjectConfigurationPlatforms) = postSolution
		{EBFB6F85-9A83-394C-B936-98CC95734E04}.Debug|Win32.ActiveCfg = Debug|Win32
		{EBFB6F85-9A83-394C-B936-98CC95734E04}.Debug|Win32.Build.0 = Debug|Win32
		{EBFB6F85-9A83-394C-B936-98CC95734E04}.Release|Win32.ActiveCfg = Release|Win32
		{EBFB6F85-9A83-394C-B936-98CC95734E04}.Release|Win32.Build.0 = Release|Win32
		{EBFB6F85-9A83-394C-B936-98CC95734E04}.MinSizeRel|Win32.ActiveCfg = MinSizeRel|Win32
		{EBFB6F85-9A83-394C-B936-98CC95734E04}.MinSizeRel|Win32.Build.0 = MinSizeRel|Win32
		{EBFB6F85-9A83-394C-B936-98CC95734E04}.RelWithDebInfo|Win32.ActiveCfg = RelWithDebInfo|Win32
		{EBFB6F85-9A83-394C-B936-98CC95734E04}.RelWithDebInfo|Win32.Build.0 = RelWithDebInfo|Win32
		{70FBB73B-5135-30A1-BFA3-D67B295819AE}.Debug|Win32.ActiveCfg = Debug|Win32
		{70FBB73B-5135-30A1-BFA3-D67B295819AE}.Debug|Win32.Build.0 = Debug|Win32
		{70FBB73B-5135-30A1-BFA3-D67B295819AE}.Release|Win32.ActiveCfg = Release|Win32
		{70FBB73B-5135-30A1-BFA3-D67B295819AE}.Release|Win32.Build.0 = Release|Win32
		{70FBB73B-5135-30A1-BFA3-D67B295819AE}.MinSizeRel|Win32.ActiveCfg = MinSizeRel|Win32
		{70FBB73B-5135-30A1-BFA3-D67B295819AE}.MinSizeRel|Win32.Build.0 = MinSizeRel|Win32
		{70FBB73B-5135-30A1-BFA3-D67B295819AE}.RelWithDebInfo|Win32.ActiveCfg = RelWithDebInfo|Win32
		{70FBB73B-5135-30A1-BFA3-D67B295819AE}.RelWithDebInfo|Win32.Build.0 = RelWithDebInfo|Win32
		{C8CECD1D-3BE6-34CC-B9D6-FCCF8E337E56}.Debug|Win32.ActiveCfg = Debug|Win32
		{C8CECD1D-3BE6-34CC-B9D6-FCCF8E337E56}.Debug|Win32.Build.0 = Debug|Win32
		{C8CECD1D-3BE6-34CC-B9D6-FCCF8E337E56}.Release|Win32.ActiveCfg = Release|Win32
		{C8CECD1D-3BE6-34CC-B9D6-FCCF8E337E56}.Release|Win32.Build.0 = Release|Win32
		{C8CECD1D-3BE6-34CC-B9D6-FCCF8E337E56}.MinSizeRel|Win32.ActiveCfg = MinSizeRel|Win32
		{C8CECD1D-3BE6-34CC-B9D6-FCCF8E337E56}.MinSizeRel|Win32.Build.0 = MinSizeRel|Win32
		{C8CECD1D-3BE6-34CC-B9D6-FCCF8E337E56}.RelWithDebInfo|Win32.ActiveCfg = RelWithDebInfo|Win32
		{C8CECD1D-3BE6-34CC-B9D6-FCCF8E337E56}.RelWithDebInfo|Win32.Build.0 = RelWithDebInfo|Win32
		{1CB817AD-4383-3C11-BF82-46228756DAFE}.Debug|Win32.ActiveCfg = Debug|Win32
		{1CB817AD-4383-3C11-BF82-46228756DAFE}.Debug|Win32.Build.0 = Debug|Win32
		{1CB817AD-4383-3C11-BF82-46228756DAFE}.Release|Win32.ActiveCfg = Release|Win32
		{1CB817AD-4383-3C11-BF82-46228756DAFE}.Release|Win32.Build.0 = Release|Win32
		{1CB817AD-4383-3C11-BF82-46228756DAFE}.MinSizeRel|Win32.ActiveCfg = MinSizeRel|Win32
		{1CB817AD-4383-3C11-BF82-46228756DAFE}.MinSizeRel|Win32.Build.0 = MinSizeRel|Win32
		{1CB817AD-4383-3C11-BF82-46228756DAFE}.RelWithDebInfo|Win32.ActiveCfg = RelWithDebInfo|Win32
		{1CB817AD-4383-3C11-BF82-46228756DAFE}.RelWithDebInfo|Win32.Build.0 = RelWithDebInfo|Win32
		{246BEE62-730C-30D6-8ECC-02C82F4BC1FE}.Debug|Win32.ActiveCfg = Debug|Win32
		{246BEE62-730C-30D6-8ECC-02C82F4BC1FE}.Debug|Win32.Build.0 = Debug|Win32
		{246BEE62-730C-30D6-8ECC-02C82F4BC1FE}.Release|Win32.ActiveCfg = Release|Win32
		{246BEE62-730C-30D6-8ECC-02C82F4BC1FE}.Release|Win32.Build.0 = Release|Win32
		{246BEE62-730C-30D6-8ECC-02C82F4BC1FE}.MinSizeRel|Win32.ActiveCfg = MinSizeRel|Win32
		{246BEE62-730C-30D6-8ECC-02C82F4BC1FE}.MinSizeRel|Win32.Build.0 = MinSizeRel|Win32
		{246BEE62-730C-30D6-8ECC-02C82F4BC1FE}.RelWithDebInfo|Win32.ActiveCfg = RelWithDebInfo|Win32
		{246BEE62-730C-30D6-8ECC-02C82F4BC1FE}.RelWithDebInfo|Win32.Build.0 = RelWithDebInfo|Win32
		{C790ADA8-2488-35FC-8009-04C936646C91}.Debug|Win32.ActiveCfg = Debug|Win32
		{C790ADA8-2488-35FC-8009-04C936646C91}.Debug|Win32.Build.0 = Debug|Win32
		{C790ADA8-2488-35FC-8009-04C936646C91}.Release|Win32.ActiveCfg = Release|Win32
		{C790ADA8-2488-35FC-8009-04C936646C91}.Release|Win32.Build.0 = Release|Win32
		{C790ADA8-2488-35FC-8009-04C936646C91}.MinSizeRel|Win32.ActiveCfg = MinSizeRel|Win32
		{C790ADA8-2488-35FC-8009-04C936646C91}.MinSizeRel|Win32.Build.0 = MinSizeRel|Win32
		{C790ADA8-2488-35FC-8009-04C936646C91}.RelWithDebInfo|Win32.ActiveCfg = RelWithDebInfo|Win32
		{C790ADA8-2488-35FC-8009-04C936646C91}.RelWithDebInfo|Win32.Build.0 = RelWithDebInfo|Win32
		{25981CDA-7F05-3921-90F6-EF6E897EAF34}.Debug|Win32.ActiveCfg = Debug|Win32
		{25981CDA-7F05-3921-90F6-EF6E897EAF34}.Debug|Win32.Build.0 = Debug|Win32
		{25981CDA-7F05-3921-90F6-EF6E897EAF34}.Release|Win32.ActiveCfg = Release|Win32
		{25981CDA-7F05-3921-90F6-EF6E897EAF34}.Release|Win32.Build.0 = Release|Win32
		{25981CDA-7F05-3921-90F6-EF6E897EAF34}.MinSizeRel|Win32.ActiveCfg = MinSizeRel|Win32
		{25981CDA-7F05-3921-90F6-EF6E897EAF34}.MinSizeRel|Win32.Build.0 = MinSizeRel|Win32
		{25981CDA-7F05-3921-90F6-EF6E897EAF34}.RelWithDebInfo|Win32.ActiveCfg = RelWithDebInfo|Win32
		{25981CDA-7F05-3921-90F6-EF6E897EAF34}.RelWithDebInfo|Win32.Build.0 = RelWithDebInfo|Win32
		{49BBE96B-E985-3C61-82C5-C2A9E149B4C7}.Debug|Win32.ActiveCfg = Debug|Win32
		{49BBE96B-E985-3C61-82C5-C2A9E149B4C7}.Release|Win32.ActiveCfg = Release|Win32
		{49BBE96B-E985-3C61-82C5-C2A9E149B4C7}.MinSizeRel|Win32.ActiveCfg = MinSizeRel|Win32
		{49BBE96B-E985-3C61-82C5-C2A9E149B4C7}.RelWithDebInfo|Win32.ActiveCfg = RelWithDebInfo|Win32
		{2226D5F0-A2E3-35E0-9832-14F6ACC7A911}.Debug|Win32.ActiveCfg = Debug|Win32
		{2226D5F0-A2E3-35E0-9832-14F6ACC7A911}.Debug|Win32.Build.0 = Debug|Win32
		{2226D5F0-A2E3-35E0-9832-14F6ACC7A911}.Release|Win32.ActiveCfg = Release|Win32
		{2226D5F0-A2E3-35E0-9832-14F6ACC7A911}.Release|Win32.Build.0 = Release|Win32
		{2226D5F0-A2E3-35E0-9832-14F6ACC7A911}.MinSizeRel|Win32.ActiveCfg = MinSizeRel|Win32
		{2226D5F0-A2E3-35E0-9832-14F6ACC7A911}.MinSizeRel|Win32.Build.0 = MinSizeRel|Win32
		{2226D5F0-A2E3-35E0-9832-14F6ACC7A911}.RelWithDebInfo|Win32.ActiveCfg = RelWithDebInfo|Win32
		{2226D5F0-A2E3-35E0-9832-14F6ACC7A911}.RelWithDebInfo|Win32.Build.0 = RelWithDebInfo|Win32
		{67CCC289-8485-3FB7-8F7E-7A85D86E343D}.Debug|Win32.ActiveCfg = Debug|Win32
		{67CCC289-8485-3FB7-8F7E-7A85D86E343D}.Debug|Win32.Build.0 = Debug|Win32
		{67CCC289-8485-3FB7-8F7E-7A85D86E343D}.Release|Win32.ActiveCfg = Release|Win32
		{67CCC289-8485-3FB7-8F7E-7A85D86E343D}.Release|Win32.Build.0 = Release|Win32
		{67CCC289-8485-3FB7-8F7E-7A85D86E343D}.MinSizeRel|Win32.ActiveCfg = MinSizeRel|Win32
		{67CCC289-8485-3FB7-8F7E-7A85D86E343D}.MinSizeRel|Win32.Build.0 = MinSizeRel|Win32
		{67CCC289-8485-3FB7-8F7E-7A85D86E343D}.RelWithDebInfo|Win32.ActiveCfg = RelWithDebInfo|Win32
		{67CCC289-8485-3FB7-8F7E-7A85D86E343D}.RelWithDebInfo|Win32.Build.0 = RelWithDebInfo|Win32
		{2122885A-8481-3472-8B1D-F69D09FEDB7A}.Debug|Win32.ActiveCfg = Debug|Win32
		{2122885A-8481-3472-8B1D-F69D09FEDB7A}.Debug|Win32.Build.0 = Debug|Win32
		{2122885A-8481-3472-8B1D-F69D09FEDB7A}.Release|Win32.ActiveCfg = Release|Win32
		{2122885A-8481-3472-8B1D-F69D09FEDB7A}.Release|Win32.Build.0 = Release|Win32
		{2122885A-8481-3472-8B1D-F69D09FEDB7A}.MinSizeRel|Win32.ActiveCfg = MinSizeRel|Win32
		{2122885A-8481-3472-8B1D-F69D09FEDB7A}.MinSizeRel|Win32.Build.0 = MinSizeRel|Win32
		{2122885A-8481-3472-8B1D-F69D09FEDB7A}.RelWithDebInfo|Win32.ActiveCfg = RelWithDebInfo|Win32
		{2122885A-8481-3472-8B1D-F69D09FEDB7A}.RelWithDebInfo|Win32.Build.0 = RelWithDebInfo|Win32
		{0351C9C1-4270-3E4C-8EB7-D51CD1CC7327}.Debug|Win32.ActiveCfg = Debug|Win32
		{0351C9C1-4270-3E4C-8EB7-D51CD1CC7327}.Debug|Win32.Build.0 = Debug|Win32
		{0351C9C1-4270-3E4C-8EB7-D51CD1CC7327}.Release|Win32.ActiveCfg = Release|Win32
		{0351C9C1-4270-3E4C-8EB7-D51CD1CC7327}.Release|Win32.Build.0 = Release|Win32
		{0351C9C1-4270-3E4C-8EB7-D51CD1CC7327}.MinSizeRel|Win32.ActiveCfg = MinSizeRel|Win32
		{0351C9C1-4270-3E4C-8EB7-D51CD1CC7327}.MinSizeRel|Win32.Build.0 = MinSizeRel|Win32
		{0351C9C1-4270-3E4C-8EB7-D51CD1CC7327}.RelWithDebInfo|Win32.ActiveCfg = RelWithDebInfo|Win32
		{0351C9C1-4270-3E4C-8EB7-D51CD1CC7327}.RelWithDebInfo|Win32.Build.0 = RelWithDebInfo|Win32
		{0F0201CF-9A15-3541-95B3-2E601FA07F0D}.Debug|Win32.ActiveCfg = Debug|Win32
		{0F0201CF-9A15-3541-95B3-2E601FA07F0D}.Debug|Win32.Build.0 = Debug|Win32
		{0F0201CF-9A15-3541-95B3-2E601FA07F0D}.Release|Win32.ActiveCfg = Release|Win32
		{0F0201CF-9A15-3541-95B3-2E601FA07F0D}.Release|Win32.Build.0 = Release|Win32
		{0F0201CF-9A15-3541-95B3-2E601FA07F0D}.MinSizeRel|Win32.ActiveCfg = MinSizeRel|Win32
		{0F0201CF-9A15-3541-95B3-2E601FA07F0D}.MinSizeRel|Win32.Build.0 = MinSizeRel|Win32
		{0F0201CF-9A15-3541-95B3-2E601FA07F0D}.RelWithDebInfo|Win32.ActiveCfg = RelWithDebInfo|Win32
		{0F0201CF-9A15-3541-95B3-2E601FA07F0D}.RelWithDebInfo|Win32.Build.0 = RelWithDebInfo|Win32
		{D0917B8C-074E-3722-B14F-79325F47BC8A}.Debug|Win32.ActiveCfg = Debug|Win32
		{D0917B8C-074E-3722-B14F-79325F47BC8A}.Debug|Win32.Build.0 = Debug|Win32
		{D0917B8C-074E-3722-B14F-79325F47BC8A}.Release|Win32.ActiveCfg = Release|Win32
		{D0917B8C-074E-3722-B14F-79325F47BC8A}.Release|Win32.Build.0 = Release|Win32
		{D0917B8C-074E-3722-B14F-79325F47BC8A}.MinSizeRel|Win32.ActiveCfg = MinSizeRel|Win32
		{D0917B8C-074E-3722-B14F-79325F47BC8A}.MinSizeRel|Win32.Build.0 = MinSizeRel|Win32
		{D0917B8C-074E-3722-B14F-79325F47BC8A}.RelWithDebInfo|Win32.ActiveCfg = RelWithDebInfo|Win32
		{D0917B8C-074E-3722-B14F-79325F47BC8A}.RelWithDebInfo|Win32.Build.0 = RelWithDebInfo|Win32
		{28D920E3-ACE1-3FCA-84CA-67E1CD795EAA}.Debug|Win32.ActiveCfg = Debug|Win32
		{28D920E3-ACE1-3FCA-84CA-67E1CD795EAA}.Debug|Win32.Build.0 = Debug|Win32
		{28D920E3-ACE1-3FCA-84CA-67E1CD795EAA}.Release|Win32.ActiveCfg = Release|Win32
		{28D920E3-ACE1-3FCA-84CA-67E1CD795EAA}.Release|Win32.Build.0 = Release|Win32
		{28D920E3-ACE1-3FCA-84CA-67E1CD795EAA}.MinSizeRel|Win32.ActiveCfg = MinSizeRel|Win32
		{28D920E3-ACE1-3FCA-84CA-67E1CD795EAA}.MinSizeRel|Win32.Build.0 = MinSizeRel|Win32
		{28D920E3-ACE1-3FCA-84CA-67E1CD795EAA}.RelWithDebInfo|Win32.ActiveCfg = RelWithDebInfo|Win32
		{28D920E3-ACE1-3FCA-84CA-67E1CD795EAA}.RelWithDebInfo|Win32.Build.0 = RelWithDebInfo|Win32
		{D79CEE01-C11B-37C5-A48C-F90761D319B5}.Debug|Win32.ActiveCfg = Debug|Win32
		{D79CEE01-C11B-37C5-A48C-F90761D319B5}.Debug|Win32.Build.0 = Debug|Win32
		{D79CEE01-C11B-37C5-A48C-F90761D319B5}.Release|Win32.ActiveCfg = Release|Win32
		{D79CEE01-C11B-37C5-A48C-F90761D319B5}.Release|Win32.Build.0 = Release|Win32
		{D79CEE01-C11B-37C5-A48C-F90761D319B5}.MinSizeRel|Win32.ActiveCfg = MinSizeRel|Win32
		{D79CEE01-C11B-37C5-A48C-F90761D319B5}.MinSizeRel|Win32.Build.0 = MinSizeRel|Win32
		{D79CEE01-C11B-37C5-A48C-F90761D319B5}.RelWithDebInfo|Win32.ActiveCfg = RelWithDebInfo|Win32
		{D79CEE01-C11B-37C5-A48C-F90761D319B5}.RelWithDebInfo|Win32.Build.0 = RelWithDebInfo|Win32
		{BC47474C-BEC4-31A0-8F09-DE3BAE4AE8EC}.Debug|Win32.ActiveCfg = Debug|Win32
		{BC47474C-BEC4-31A0-8F09-DE3BAE4AE8EC}.Debug|Win32.Build.0 = Debug|Win32
		{BC47474C-BEC4-31A0-8F09-DE3BAE4AE8EC}.Release|Win32.ActiveCfg = Release|Win32
		{BC47474C-BEC4-31A0-8F09-DE3BAE4AE8EC}.Release|Win32.Build.0 = Release|Win32
		{BC47474C-BEC4-31A0-8F09-DE3BAE4AE8EC}.MinSizeRel|Win32.ActiveCfg = MinSizeRel|Win32
		{BC47474C-BEC4-31A0-8F09-DE3BAE4AE8EC}.MinSizeRel|Win32.Build.0 = MinSizeRel|Win32
		{BC47474C-BEC4-31A0-8F09-DE3BAE4AE8EC}.RelWithDebInfo|Win32.ActiveCfg = RelWithDebInfo|Win32
		{BC47474C-BEC4-31A0-8F09-DE3BAE4AE8EC}.RelWithDebInfo|Win32.Build.0 = RelWithDebInfo|Win32
		{7ECE3DD7-9BBE-3462-8D78-54CA6DD2D95B}.Debug|Win32.ActiveCfg = Debug|Win32
		{7ECE3DD7-9BBE-3462-8D78-54CA6DD2D95B}.Debug|Win32.Build.0 = Debug|Win32
		{7ECE3DD7-9BBE-3462-8D78-54CA6DD2D95B}.Release|Win32.ActiveCfg = Release|Win32
		{7ECE3DD7-9BBE-3462-8D78-54CA6DD2D95B}.Release|Win32.Build.0 = Release|Win32
		{7ECE3DD7-9BBE-3462-8D78-54CA6DD2D95B}.MinSizeRel|Win32.ActiveCfg = MinSizeRel|Win32
		{7ECE3DD7-9BBE-3462-8D78-54CA6DD2D95B}.MinSizeRel|Win32.Build.0 = MinSizeRel|Win32
		{7ECE3DD7-9BBE-3462-8D78-54CA6DD2D95B}.RelWithDebInfo|Win32.ActiveCfg = RelWithDebInfo|Win32
		{7ECE3DD7-9BBE-3462-8D78-54CA6DD2D95B}.RelWithDebInfo|Win32.Build.0 = RelWithDebInfo|Win32
		{88FD2105-0C54-3DCA-AE2D-2CD01C6E6AA4}.Debug|Win32.ActiveCfg = Debug|Win32
		{88FD2105-0C54-3DCA-AE2D-2CD01C6E6AA4}.Debug|Win32.Build.0 = Debug|Win32
		{88FD2105-0C54-3DCA-AE2D-2CD01C6E6AA4}.Release|Win32.ActiveCfg = Release|Win32
		{88FD2105-0C54-3DCA-AE2D-2CD01C6E6AA4}.Release|Win32.Build.0 = Release|Win32
		{88FD2105-0C54-3DCA-AE2D-2CD01C6E6AA4}.MinSizeRel|Win32.ActiveCfg = MinSizeRel|Win32
		{88FD2105-0C54-3DCA-AE2D-2CD01C6E6AA4}.MinSizeRel|Win32.Build.0 = MinSizeRel|Win32
		{88FD2105-0C54-3DCA-AE2D-2CD01C6E6AA4}.RelWithDebInfo|Win32.ActiveCfg = RelWithDebInfo|Win32
		{88FD2105-0C54-3DCA-AE2D-2CD01C6E6AA4}.RelWithDebInfo|Win32.Build.0 = RelWithDebInfo|Win32
		{B610FADE-8F7A-3049-9B8A-80C90F5A6D2E}.Debug|Win32.ActiveCfg = Debug|Win32
		{B610FADE-8F7A-3049-9B8A-80C90F5A6D2E}.Debug|Win32.Build.0 = Debug|Win32
		{B610FADE-8F7A-3049-9B8A-80C90F5A6D2E}.Release|Win32.ActiveCfg = Release|Win32
		{B610FADE-8F7A-3049-9B8A-80C90F5A6D2E}.Release|Win32.Build.0 = Release|Win32
		{B610FADE-8F7A-3049-9B8A-80C90F5A6D2E}.MinSizeRel|Win32.ActiveCfg = MinSizeRel|Win32
		{B610FADE-8F7A-3049-9B8A-80C90F5A6D2E}.MinSizeRel|Win32.Build.0 = MinSizeRel|Win32
		{B610FADE-8F7A-3049-9B8A-80C90F5A6D2E}.RelWithDebInfo|Win32.ActiveCfg = RelWithDebInfo|Win32
		{B610FADE-8F7A-3049-9B8A-80C90F5A6D2E}.RelWithDebInfo|Win32.Build.0 = RelWithDebInfo|Win32
		{51B74537-8551-3E2B-8A59-5336C3931664}.Debug|Win32.ActiveCfg = Debug|Win32
		{51B74537-8551-3E2B-8A59-5336C3931664}.Debug|Win32.Build.0 = Debug|Win32
		{51B74537-8551-3E2B-8A59-5336C3931664}.Release|Win32.ActiveCfg = Release|Win32
		{51B74537-8551-3E2B-8A59-5336C3931664}.Release|Win32.Build.0 = Release|Win32
		{51B74537-8551-3E2B-8A59-5336C3931664}.MinSizeRel|Win32.ActiveCfg = MinSizeRel|Win32
		{51B74537-8551-3E2B-8A59-5336C3931664}.MinSizeRel|Win32.Build.0 = MinSizeRel|Win32
		{51B74537-8551-3E2B-8A59-5336C3931664}.RelWithDebInfo|Win32.ActiveCfg = RelWithDebInfo|Win32
		{51B74537-8551-3E2B-8A59-5336C3931664}.RelWithDebInfo|Win32.Build.0 = RelWithDebInfo|Win32
		{3FFDF468-0109-3A0C-9CD6-D3B827E02EDC}.Debug|Win32.ActiveCfg = Debug|Win32
		{3FFDF468-0109-3A0C-9CD6-D3B827E02EDC}.Debug|Win32.Build.0 = Debug|Win32
		{3FFDF468-0109-3A0C-9CD6-D3B827E02EDC}.Release|Win32.ActiveCfg = Release|Win32
		{3FFDF468-0109-3A0C-9CD6-D3B827E02EDC}.Release|Win32.Build.0 = Release|Win32
		{3FFDF468-0109-3A0C-9CD6-D3B827E02EDC}.MinSizeRel|Win32.ActiveCfg = MinSizeRel|Win32
		{3FFDF468-0109-3A0C-9CD6-D3B827E02EDC}.MinSizeRel|Win32.Build.0 = MinSizeRel|Win32
		{3FFDF468-0109-3A0C-9CD6-D3B827E02EDC}.RelWithDebInfo|Win32.ActiveCfg = RelWithDebInfo|Win32
		{3FFDF468-0109-3A0C-9CD6-D3B827E02EDC}.RelWithDebInfo|Win32.Build.0 = RelWithDebInfo|Win32
		{189A0C4C-34D2-3F8B-AE5E-9646EFFA2464}.Debug|Win32.ActiveCfg = Debug|Win32
		{189A0C4C-34D2-3F8B-AE5E-9646EFFA2464}.Debug|Win32.Build.0 = Debug|Win32
		{189A0C4C-34D2-3F8B-AE5E-9646EFFA2464}.Release|Win32.ActiveCfg = Release|Win32
		{189A0C4C-34D2-3F8B-AE5E-9646EFFA2464}.Release|Win32.Build.0 = Release|Win32
		{189A0C4C-34D2-3F8B-AE5E-9646EFFA2464}.MinSizeRel|Win32.ActiveCfg = MinSizeRel|Win32
		{189A0C4C-34D2-3F8B-AE5E-9646EFFA2464}.MinSizeRel|Win32.Build.0 = MinSizeRel|Win32
		{189A0C4C-34D2-3F8B-AE5E-9646EFFA2464}.RelWithDebInfo|Win32.ActiveCfg = RelWithDebInfo|Win32
		{189A0C4C-34D2-3F8B-AE5E-9646EFFA2464}.RelWithDebInfo|Win32.Build.0 = RelWithDebInfo|Win32
		{EB0F025C-3B9C-3709-B180-0025C928FE34}.Debug|Win32.ActiveCfg = Debug|Win32
		{EB0F025C-3B9C-3709-B180-0025C928FE34}.Debug|Win32.Build.0 = Debug|Win32
		{EB0F025C-3B9C-3709-B180-0025C928FE34}.Release|Win32.ActiveCfg = Release|Win32
		{EB0F025C-3B9C-3709-B180-0025C928FE34}.Release|Win32.Build.0 = Release|Win32
		{EB0F025C-3B9C-3709-B180-0025C928FE34}.MinSizeRel|Win32.ActiveCfg = MinSizeRel|Win32
		{EB0F025C-3B9C-3709-B180-0025C928FE34}.MinSizeRel|Win32.Build.0 = MinSizeRel|Win32
		{EB0F025C-3B9C-3709-B180-0025C928FE34}.RelWithDebInfo|Win32.ActiveCfg = RelWithDebInfo|Win32
		{EB0F025C-3B9C-3709-B180-0025C928FE34}.RelWithDebInfo|Win32.Build.0 = RelWithDebInfo|Win32
		{EE8D83D4-3E71-3467-A8F3-E990FDB0030B}.Debug|Win32.ActiveCfg = Debug|Win32
		{EE8D83D4-3E71-3467-A8F3-E990FDB0030B}.Debug|Win32.Build.0 = Debug|Win32
		{EE8D83D4-3E71-3467-A8F3-E990FDB0030B}.Release|Win32.ActiveCfg = Release|Win32
		{EE8D83D4-3E71-3467-A8F3-E990FDB0030B}.Release|Win32.Build.0 = Release|Win32
		{EE8D83D4-3E71-3467-A8F3-E990FDB0030B}.MinSizeRel|Win32.ActiveCfg = MinSizeRel|Win32
		{EE8D83D4-3E71-3467-A8F3-E990FDB0030B}.MinSizeRel|Win32.Build.0 = MinSizeRel|Win32
		{EE8D83D4-3E71-3467-A8F3-E990FDB0030B}.RelWithDebInfo|Win32.ActiveCfg = RelWithDebInfo|Win32
		{EE8D83D4-3E71-3467-A8F3-E990FDB0030B}.RelWithDebInfo|Win32.Build.0 = RelWithDebInfo|Win32
		{FD14BE37-B758-3344-A65E-4B0171A985A4}.Debug|Win32.ActiveCfg = Debug|Win32
		{FD14BE37-B758-3344-A65E-4B0171A985A4}.Debug|Win32.Build.0 = Debug|Win32
		{FD14BE37-B758-3344-A65E-4B0171A985A4}.Release|Win32.ActiveCfg = Release|Win32
		{FD14BE37-B758-3344-A65E-4B0171A985A4}.Release|Win32.Build.0 = Release|Win32
		{FD14BE37-B758-3344-A65E-4B0171A985A4}.MinSizeRel|Win32.ActiveCfg = MinSizeRel|Win32
		{FD14BE37-B758-3344-A65E-4B0171A985A4}.MinSizeRel|Win32.Build.0 = MinSizeRel|Win32
		{FD14BE37-B758-3344-A65E-4B0171A985A4}.RelWithDebInfo|Win32.ActiveCfg = RelWithDebInfo|Win32
		{FD14BE37-B758-3344-A65E-4B0171A985A4}.RelWithDebInfo|Win32.Build.0 = RelWithDebInfo|Win32
		{7FD1FE26-0DD7-3DC0-8D22-0A7CEF8D306E}.Debug|Win32.ActiveCfg = Debug|Win32
		{7FD1FE26-0DD7-3DC0-8D22-0A7CEF8D306E}.Debug|Win32.Build.0 = Debug|Win32
		{7FD1FE26-0DD7-3DC0-8D22-0A7CEF8D306E}.Release|Win32.ActiveCfg = Release|Win32
		{7FD1FE26-0DD7-3DC0-8D22-0A7CEF8D306E}.Release|Win32.Build.0 = Release|Win32
		{7FD1FE26-0DD7-3DC0-8D22-0A7CEF8D306E}.MinSizeRel|Win32.ActiveCfg = MinSizeRel|Win32
		{7FD1FE26-0DD7-3DC0-8D22-0A7CEF8D306E}.MinSizeRel|Win32.Build.0 = MinSizeRel|Win32
		{7FD1FE26-0DD7-3DC0-8D22-0A7CEF8D306E}.RelWithDebInfo|Win32.ActiveCfg = RelWithDebInfo|Win32
		{7FD1FE26-0DD7-3DC0-8D22-0A7CEF8D306E}.RelWithDebInfo|Win32.Build.0 = RelWithDebInfo|Win32
	EndGlobalSection
	GlobalSection(ExtensibilityGlobals) = postSolution
		SolutionGuid = {77462C48-F023-38CE-8534-D667E88FB354}
	EndGlobalSection
	GlobalSection(ExtensibilityAddIns) = postSolution
	EndGlobalSection
EndGlobal
